{
  "name": "@abstract-tech/community-theme-brand",
  "version": "1.1.0",
  "lockfileVersion": 2,
  "requires": true,
  "packages": {
    "": {
      "name": "@abstract-tech/community-theme-brand",
      "version": "1.1.0",
      "license": "GPL-3.0-or-later"
    },
    "abstract-tech/community-theme-brand@1.0.0-semantically-released": {
      "extraneous": true
    }
  }
}
